# @generated - this file is auto-generated by `mise lock` https://mise.en.dev/dev-tools/mise-lock.html

[[tools."aqua:suzuki-shunsuke/pinact"]]
version = "4.0.0"
backend = "aqua:suzuki-shunsuke/pinact"

[tools."aqua:suzuki-shunsuke/pinact"."platforms.linux-arm64"]
checksum = "sha256:c5d8ef4b253a749b754ad04f484d93c78fade5470bb549d58df6a8aeca9b18bf"
url = "https://github.com/suzuki-shunsuke/pinact/releases/download/v4.0.0/pinact_linux_arm64.tar.gz"
provenance = "github-attestations"

[tools."aqua:suzuki-shunsuke/pinact"."platforms.linux-arm64-musl"]
checksum = "sha256:c5d8ef4b253a749b754ad04f484d93c78fade5470bb549d58df6a8aeca9b18bf"
url = "https://github.com/suzuki-shunsuke/pinact/releases/download/v4.0.0/pinact_linux_arm64.tar.gz"
provenance = "github-attestations"

[tools."aqua:suzuki-shunsuke/pinact"."platforms.linux-x64"]
checksum = "sha256:cc220902615325b10bd3bc52ed3de27488f79adaec52adcd12bd2194c2d2c592"
url = "https://github.com/suzuki-shunsuke/pinact/releases/download/v4.0.0/pinact_linux_amd64.tar.gz"
provenance = "github-attestations"

[tools."aqua:suzuki-shunsuke/pinact"."platforms.linux-x64-musl"]
checksum = "sha256:cc220902615325b10bd3bc52ed3de27488f79adaec52adcd12bd2194c2d2c592"
url = "https://github.com/suzuki-shunsuke/pinact/releases/download/v4.0.0/pinact_linux_amd64.tar.gz"
provenance = "github-attestations"

[tools."aqua:suzuki-shunsuke/pinact"."platforms.macos-arm64"]
checksum = "sha256:3260e0d6fa7d89e4b9a7cc6c120345db9217c4e0571742e9a76db2ba3ff63650"
url = "https://github.com/suzuki-shunsuke/pinact/releases/download/v4.0.0/pinact_darwin_arm64.tar.gz"
provenance = "github-attestations"

[tools."aqua:suzuki-shunsuke/pinact"."platforms.macos-x64"]
checksum = "sha256:242d0697152d31bf04f3759ec5c55cf8ccbf47b6e2680dd24531e63a6d890468"
url = "https://github.com/suzuki-shunsuke/pinact/releases/download/v4.0.0/pinact_darwin_amd64.tar.gz"
provenance = "github-attestations"

[tools."aqua:suzuki-shunsuke/pinact"."platforms.windows-x64"]
checksum = "sha256:800554b9f87c5136e9469ec9075a1f51fbea5ac402914d99f8afc4ec98a87901"
url = "https://github.com/suzuki-shunsuke/pinact/releases/download/v4.0.0/pinact_windows_amd64.zip"
provenance = "github-attestations"

[[tools.node]]
version = "26.2.0"
backend = "core:node"

[tools.node."platforms.linux-arm64"]
checksum = "sha256:bf52461d25017479cdc549642c4e7a2303ac5c5395d7c3d026d5d8b3fa283c05"
url = "https://nodejs.org/dist/v26.2.0/node-v26.2.0-linux-arm64.tar.gz"

[tools.node."platforms.linux-arm64-musl"]
checksum = "sha256:4593d822012fe3238814721909408c66f2a82955e0141457643a7a4c84e132fd"
url = "https://unofficial-builds.nodejs.org/download/release/v26.2.0/node-v26.2.0-linux-arm64-musl.tar.gz"

[tools.node."platforms.linux-x64"]
checksum = "sha256:8e5b4b969bb2414aca2ff84d2b99608511aedca32bf8a8427e6187dbdd703bbe"
url = "https://nodejs.org/dist/v26.2.0/node-v26.2.0-linux-x64.tar.gz"

[tools.node."platforms.linux-x64-musl"]
checksum = "sha256:9efc99332e1cf70eeb85618398467c9d339bc208be65115380c611dda4c28407"
url = "https://unofficial-builds.nodejs.org/download/release/v26.2.0/node-v26.2.0-linux-x64-musl.tar.gz"

[tools.node."platforms.macos-arm64"]
checksum = "sha256:2d8575b6a749c0bc66cc6ecd22a952f7d9bbf3b0ea76fcb0ed3ce858018afff7"
url = "https://nodejs.org/dist/v26.2.0/node-v26.2.0-darwin-arm64.tar.gz"

[tools.node."platforms.macos-x64"]
checksum = "sha256:26a5480d0dd952be86beae83e6636dacd7a3ffd17ef51d0b26bc9b260f2b42e9"
url = "https://nodejs.org/dist/v26.2.0/node-v26.2.0-darwin-x64.tar.gz"

[tools.node."platforms.windows-x64"]
checksum = "sha256:371071a4f7e2c8a5dd280730049c685911feecc59f50ebc488d675dc1087c69c"
url = "https://nodejs.org/dist/v26.2.0/node-v26.2.0-win-x64.zip"

[[tools.yarn]]
version = "4.15.0"
backend = "vfox:mise-plugins/vfox-yarn"
